// !$*UTF8*$!
{
	archiveVersion = 1;
	classes = {
	};
	objectVersion = 46;
	objects = {

/* Begin PBXBuildFile section */
		BA95114C1A91EB3D009D8438 /* UIViewController+AGAdditionsActivity.m in Sources */ = {isa = PBXBuildFile; fileRef = BA95114B1A91EB3D009D8438 /* UIViewController+AGAdditionsActivity.m */; };
		BA95114F1A91EE5D009D8438 /* UIView+AGAdditionsActivity.m in Sources */ = {isa = PBXBuildFile; fileRef = BA95114E1A91EE5D009D8438 /* UIView+AGAdditionsActivity.m */; };
		BA9511521A921BC0009D8438 /* UITableView+AGAdditions.m in Sources */ = {isa = PBXBuildFile; fileRef = BA9511511A921BC0009D8438 /* UITableView+AGAdditions.m */; };
		BA9511551A921DD8009D8438 /* UIView+AGAdditions.m in Sources */ = {isa = PBXBuildFile; fileRef = BA9511541A921DD8009D8438 /* UIView+AGAdditions.m */; };
		BA9A2AFD1A91D75F006914A7 /* main.m in Sources */ = {isa = PBXBuildFile; fileRef = BA9A2AFC1A91D75F006914A7 /* main.m */; };
		BA9A2B001A91D760006914A7 /* AppDelegate.m in Sources */ = {isa = PBXBuildFile; fileRef = BA9A2AFF1A91D760006914A7 /* AppDelegate.m */; };
		BA9A2B031A91D760006914A7 /* ViewController.m in Sources */ = {isa = PBXBuildFile; fileRef = BA9A2B021A91D760006914A7 /* ViewController.m */; };
		BA9A2B061A91D760006914A7 /* Main.storyboard in Resources */ = {isa = PBXBuildFile; fileRef = BA9A2B041A91D760006914A7 /* Main.storyboard */; };
		BA9A2B081A91D760006914A7 /* Images.xcassets in Resources */ = {isa = PBXBuildFile; fileRef = BA9A2B071A91D760006914A7 /* Images.xcassets */; };
		BA9A2B0B1A91D760006914A7 /* LaunchScreen.xib in Resources */ = {isa = PBXBuildFile; fileRef = BA9A2B091A91D760006914A7 /* LaunchScreen.xib */; };
		BA9A2B171A91D760006914A7 /* AGUIKitAdditionsExamplesTests.m in Sources */ = {isa = PBXBuildFile; fileRef = BA9A2B161A91D760006914A7 /* AGUIKitAdditionsExamplesTests.m */; };
/* End PBXBuildFile section */

/* Begin PBXContainerItemProxy section */
		BA9A2B111A91D760006914A7 /* PBXContainerItemProxy */ = {
			isa = PBXContainerItemProxy;
			containerPortal = BA9A2AEF1A91D75E006914A7 /* Project object */;
			proxyType = 1;
			remoteGlobalIDString = BA9A2AF61A91D75E006914A7;
			remoteInfo = AGUIKitAdditionsExamples;
		};
/* End PBXContainerItemProxy section */

/* Begin PBXFileReference section */
		BA95114A1A91EB3D009D8438 /* UIViewController+AGAdditionsActivity.h */ = {isa = PBXFileReference; fileEncoding = 4; lastKnownFileType = sourcecode.c.h; path = "UIViewController+AGAdditionsActivity.h"; sourceTree = "<group>"; };
		BA95114B1A91EB3D009D8438 /* UIViewController+AGAdditionsActivity.m */ = {isa = PBXFileReference; fileEncoding = 4; lastKnownFileType = sourcecode.c.objc; path = "UIViewController+AGAdditionsActivity.m"; sourceTree = "<group>"; };
		BA95114D1A91EE5D009D8438 /* UIView+AGAdditionsActivity.h */ = {isa = PBXFileReference; fileEncoding = 4; lastKnownFileType = sourcecode.c.h; path = "UIView+AGAdditionsActivity.h"; sourceTree = "<group>"; };
		BA95114E1A91EE5D009D8438 /* UIView+AGAdditionsActivity.m */ = {isa = PBXFileReference; fileEncoding = 4; lastKnownFileType = sourcecode.c.objc; path = "UIView+AGAdditionsActivity.m"; sourceTree = "<group>"; };
		BA9511501A921BC0009D8438 /* UITableView+AGAdditions.h */ = {isa = PBXFileReference; fileEncoding = 4; lastKnownFileType = sourcecode.c.h; path = "UITableView+AGAdditions.h"; sourceTree = "<group>"; };
		BA9511511A921BC0009D8438 /* UITableView+AGAdditions.m */ = {isa = PBXFileReference; fileEncoding = 4; lastKnownFileType = sourcecode.c.objc; path = "UITableView+AGAdditions.m"; sourceTree = "<group>"; };
		BA9511531A921DD8009D8438 /* UIView+AGAdditions.h */ = {isa = PBXFileReference; fileEncoding = 4; lastKnownFileType = sourcecode.c.h; path = "UIView+AGAdditions.h"; sourceTree = "<group>"; };
		BA9511541A921DD8009D8438 /* UIView+AGAdditions.m */ = {isa = PBXFileReference; fileEncoding = 4; lastKnownFileType = sourcecode.c.objc; path = "UIView+AGAdditions.m"; sourceTree = "<group>"; };
		BA9A2AF71A91D75F006914A7 /* AGUIKitAdditionsExamples.app */ = {isa = PBXFileReference; explicitFileType = wrapper.application; includeInIndex = 0; path = AGUIKitAdditionsExamples.app; sourceTree = BUILT_PRODUCTS_DIR; };
		BA9A2AFB1A91D75F006914A7 /* Info.plist */ = {isa = PBXFileReference; lastKnownFileType = text.plist.xml; path = Info.plist; sourceTree = "<group>"; };
		BA9A2AFC1A91D75F006914A7 /* main.m */ = {isa = PBXFileReference; lastKnownFileType = sourcecode.c.objc; path = main.m; sourceTree = "<group>"; };
		BA9A2AFE1A91D760006914A7 /* AppDelegate.h */ = {isa = PBXFileReference; lastKnownFileType = sourcecode.c.h; path = AppDelegate.h; sourceTree = "<group>"; };
		BA9A2AFF1A91D760006914A7 /* AppDelegate.m */ = {isa = PBXFileReference; lastKnownFileType = sourcecode.c.objc; path = AppDelegate.m; sourceTree = "<group>"; };
		BA9A2B011A91D760006914A7 /* ViewController.h */ = {isa = PBXFileReference; lastKnownFileType = sourcecode.c.h; path = ViewController.h; sourceTree = "<group>"; };
		BA9A2B021A91D760006914A7 /* ViewController.m */ = {isa = PBXFileReference; lastKnownFileType = sourcecode.c.objc; path = ViewController.m; sourceTree = "<group>"; };
		BA9A2B051A91D760006914A7 /* Base */ = {isa = PBXFileReference; lastKnownFileType = file.storyboard; name = Base; path = Base.lproj/Main.storyboard; sourceTree = "<group>"; };
		BA9A2B071A91D760006914A7 /* Images.xcassets */ = {isa = PBXFileReference; lastKnownFileType = folder.assetcatalog; path = Images.xcassets; sourceTree = "<group>"; };
		BA9A2B0A1A91D760006914A7 /* Base */ = {isa = PBXFileReference; lastKnownFileType = file.xib; name = Base; path = Base.lproj/LaunchScreen.xib; sourceTree = "<group>"; };
		BA9A2B101A91D760006914A7 /* AGUIKitAdditionsExamplesTests.xctest */ = {isa = PBXFileReference; explicitFileType = wrapper.cfbundle; includeInIndex = 0; path = AGUIKitAdditionsExamplesTests.xctest; sourceTree = BUILT_PRODUCTS_DIR; };
		BA9A2B151A91D760006914A7 /* Info.plist */ = {isa = PBXFileReference; lastKnownFileType = text.plist.xml; path = Info.plist; sourceTree = "<group>"; };
		BA9A2B161A91D760006914A7 /* AGUIKitAdditionsExamplesTests.m */ = {isa = PBXFileReference; lastKnownFileType = sourcecode.c.objc; path = AGUIKitAdditionsExamplesTests.m; sourceTree = "<group>"; };
		BA9A2B221A91D91C006914A7 /* AGUIKitAdditions.h */ = {isa = PBXFileReference; lastKnownFileType = sourcecode.c.h; path = AGUIKitAdditions.h; sourceTree = "<group>"; };
/* End PBXFileReference section */

/* Begin PBXFrameworksBuildPhase section */
		BA9A2AF41A91D75E006914A7 /* Frameworks */ = {
			isa = PBXFrameworksBuildPhase;
			buildActionMask = 2147483647;
			files = (
			);
			runOnlyForDeploymentPostprocessing = 0;
		};
		BA9A2B0D1A91D760006914A7 /* Frameworks */ = {
			isa = PBXFrameworksBuildPhase;
			buildActionMask = 2147483647;
			files = (
			);
			runOnlyForDeploymentPostprocessing = 0;
		};
/* End PBXFrameworksBuildPhase section */

/* Begin PBXGroup section */
		BA9A2AEE1A91D75E006914A7 = {
			isa = PBXGroup;
			children = (
				BA9A2B201A91D907006914A7 /* AGUIKitAdditions */,
				BA9A2AF91A91D75F006914A7 /* AGUIKitAdditionsExamples */,
				BA9A2B131A91D760006914A7 /* AGUIKitAdditionsExamplesTests */,
				BA9A2AF81A91D75F006914A7 /* Products */,
			);
			sourceTree = "<group>";
		};
		BA9A2AF81A91D75F006914A7 /* Products */ = {
			isa = PBXGroup;
			children = (
				BA9A2AF71A91D75F006914A7 /* AGUIKitAdditionsExamples.app */,
				BA9A2B101A91D760006914A7 /* AGUIKitAdditionsExamplesTests.xctest */,
			);
			name = Products;
			sourceTree = "<group>";
		};
		BA9A2AF91A91D75F006914A7 /* AGUIKitAdditionsExamples */ = {
			isa = PBXGroup;
			children = (
				BA9A2AFE1A91D760006914A7 /* AppDelegate.h */,
				BA9A2AFF1A91D760006914A7 /* AppDelegate.m */,
				BA9A2B011A91D760006914A7 /* ViewController.h */,
				BA9A2B021A91D760006914A7 /* ViewController.m */,
				BA9A2B041A91D760006914A7 /* Main.storyboard */,
				BA9A2B071A91D760006914A7 /* Images.xcassets */,
				BA9A2B091A91D760006914A7 /* LaunchScreen.xib */,
				BA9A2AFA1A91D75F006914A7 /* Supporting Files */,
			);
			path = AGUIKitAdditionsExamples;
			sourceTree = "<group>";
		};
		BA9A2AFA1A91D75F006914A7 /* Supporting Files */ = {
			isa = PBXGroup;
			children = (
				BA9A2AFB1A91D75F006914A7 /* Info.plist */,
				BA9A2AFC1A91D75F006914A7 /* main.m */,
			);
			name = "Supporting Files";
			sourceTree = "<group>";
		};
		BA9A2B131A91D760006914A7 /* AGUIKitAdditionsExamplesTests */ = {
			isa = PBXGroup;
			children = (
				BA9A2B161A91D760006914A7 /* AGUIKitAdditionsExamplesTests.m */,
				BA9A2B141A91D760006914A7 /* Supporting Files */,
			);
			path = AGUIKitAdditionsExamplesTests;
			sourceTree = "<group>";
		};
		BA9A2B141A91D760006914A7 /* Supporting Files */ = {
			isa = PBXGroup;
			children = (
				BA9A2B151A91D760006914A7 /* Info.plist */,
			);
			name = "Supporting Files";
			sourceTree = "<group>";
		};
		BA9A2B201A91D907006914A7 /* AGUIKitAdditions */ = {
			isa = PBXGroup;
			children = (
				BA9A2B221A91D91C006914A7 /* AGUIKitAdditions.h */,
				BA9A2B211A91D907006914A7 /* AGUIKitAdditionsInner */,
			);
			path = AGUIKitAdditions;
			sourceTree = "<group>";
		};
		BA9A2B211A91D907006914A7 /* AGUIKitAdditionsInner */ = {
			isa = PBXGroup;
			children = (
				BA95114D1A91EE5D009D8438 /* UIView+AGAdditionsActivity.h */,
				BA95114E1A91EE5D009D8438 /* UIView+AGAdditionsActivity.m */,
				BA95114A1A91EB3D009D8438 /* UIViewController+AGAdditionsActivity.h */,
				BA95114B1A91EB3D009D8438 /* UIViewController+AGAdditionsActivity.m */,
				BA9511531A921DD8009D8438 /* UIView+AGAdditions.h */,
				BA9511541A921DD8009D8438 /* UIView+AGAdditions.m */,
				BA9511501A921BC0009D8438 /* UITableView+AGAdditions.h */,
				BA9511511A921BC0009D8438 /* UITableView+AGAdditions.m */,
			);
			path = AGUIKitAdditionsInner;
			sourceTree = "<group>";
		};
/* End PBXGroup section */

/* Begin PBXNativeTarget section */
		BA9A2AF61A91D75E006914A7 /* AGUIKitAdditionsExamples */ = {
			isa = PBXNativeTarget;
			buildConfigurationList = BA9A2B1A1A91D760006914A7 /* Build configuration list for PBXNativeTarget "AGUIKitAdditionsExamples" */;
			buildPhases = (
				BA9A2AF31A91D75E006914A7 /* Sources */,
				BA9A2AF41A91D75E006914A7 /* Frameworks */,
				BA9A2AF51A91D75E006914A7 /* Resources */,
			);
			buildRules = (
			);
			dependencies = (
			);
			name = AGUIKitAdditionsExamples;
			productName = AGUIKitAdditionsExamples;
			productReference = BA9A2AF71A91D75F006914A7 /* AGUIKitAdditionsExamples.app */;
			productType = "com.apple.product-type.application";
		};
		BA9A2B0F1A91D760006914A7 /* AGUIKitAdditionsExamplesTests */ = {
			isa = PBXNativeTarget;
			buildConfigurationList = BA9A2B1D1A91D760006914A7 /* Build configuration list for PBXNativeTarget "AGUIKitAdditionsExamplesTests" */;
			buildPhases = (
				BA9A2B0C1A91D760006914A7 /* Sources */,
				BA9A2B0D1A91D760006914A7 /* Frameworks */,
				BA9A2B0E1A91D760006914A7 /* Resources */,
			);
			buildRules = (
			);
			dependencies = (
				BA9A2B121A91D760006914A7 /* PBXTargetDependency */,
			);
			name = AGUIKitAdditionsExamplesTests;
			productName = AGUIKitAdditionsExamplesTests;
			productReference = BA9A2B101A91D760006914A7 /* AGUIKitAdditionsExamplesTests.xctest */;
			productType = "com.apple.product-type.bundle.unit-test";
		};
/* End PBXNativeTarget section */

/* Begin PBXProject section */
		BA9A2AEF1A91D75E006914A7 /* Project object */ = {
			isa = PBXProject;
			attributes = {
				LastUpgradeCheck = 0610;
				ORGANIZATIONNAME = "Allgoritm LLC";
				TargetAttributes = {
					BA9A2AF61A91D75E006914A7 = {
						CreatedOnToolsVersion = 6.1.1;
					};
					BA9A2B0F1A91D760006914A7 = {
						CreatedOnToolsVersion = 6.1.1;
						TestTargetID = BA9A2AF61A91D75E006914A7;
					};
				};
			};
			buildConfigurationList = BA9A2AF21A91D75E006914A7 /* Build configuration list for PBXProject "AGUIKitAdditionsExamples" */;
			compatibilityVersion = "Xcode 3.2";
			developmentRegion = English;
			hasScannedForEncodings = 0;
			knownRegions = (
				en,
				Base,
			);
			mainGroup = BA9A2AEE1A91D75E006914A7;
			productRefGroup = BA9A2AF81A91D75F006914A7 /* Products */;
			projectDirPath = "";
			projectRoot = "";
			targets = (
				BA9A2AF61A91D75E006914A7 /* AGUIKitAdditionsExamples */,
				BA9A2B0F1A91D760006914A7 /* AGUIKitAdditionsExamplesTests */,
			);
		};
/* End PBXProject section */

/* Begin PBXResourcesBuildPhase section */
		BA9A2AF51A91D75E006914A7 /* Resources */ = {
			isa = PBXResourcesBuildPhase;
			buildActionMask = 2147483647;
			files = (
				BA9A2B061A91D760006914A7 /* Main.storyboard in Resources */,
				BA9A2B0B1A91D760006914A7 /* LaunchScreen.xib in Resources */,
				BA9A2B081A91D760006914A7 /* Images.xcassets in Resources */,
			);
			runOnlyForDeploymentPostprocessing = 0;
		};
		BA9A2B0E1A91D760006914A7 /* Resources */ = {
			isa = PBXResourcesBuildPhase;
			buildActionMask = 2147483647;
			files = (
			);
			runOnlyForDeploymentPostprocessing = 0;
		};
/* End PBXResourcesBuildPhase section */

/* Begin PBXSourcesBuildPhase section */
		BA9A2AF31A91D75E006914A7 /* Sources */ = {
			isa = PBXSourcesBuildPhase;
			buildActionMask = 2147483647;
			files = (
				BA9511551A921DD8009D8438 /* UIView+AGAdditions.m in Sources */,
				BA9A2B031A91D760006914A7 /* ViewController.m in Sources */,
				BA95114C1A91EB3D009D8438 /* UIViewController+AGAdditionsActivity.m in Sources */,
				BA95114F1A91EE5D009D8438 /* UIView+AGAdditionsActivity.m in Sources */,
				BA9511521A921BC0009D8438 /* UITableView+AGAdditions.m in Sources */,
				BA9A2B001A91D760006914A7 /* AppDelegate.m in Sources */,
				BA9A2AFD1A91D75F006914A7 /* main.m in Sources */,
			);
			runOnlyForDeploymentPostprocessing = 0;
		};
		BA9A2B0C1A91D760006914A7 /* Sources */ = {
			isa = PBXSourcesBuildPhase;
			buildActionMask = 2147483647;
			files = (
				BA9A2B171A91D760006914A7 /* AGUIKitAdditionsExamplesTests.m in Sources */,
			);
			runOnlyForDeploymentPostprocessing = 0;
		};
/* End PBXSourcesBuildPhase section */

/* Begin PBXTargetDependency section */
		BA9A2B121A91D760006914A7 /* PBXTargetDependency */ = {
			isa = PBXTargetDependency;
			target = BA9A2AF61A91D75E006914A7 /* AGUIKitAdditionsExamples */;
			targetProxy = BA9A2B111A91D760006914A7 /* PBXContainerItemProxy */;
		};
/* End PBXTargetDependency section */

/* Begin PBXVariantGroup section */
		BA9A2B041A91D760006914A7 /* Main.storyboard */ = {
			isa = PBXVariantGroup;
			children = (
				BA9A2B051A91D760006914A7 /* Base */,
			);
			name = Main.storyboard;
			sourceTree = "<group>";
		};
		BA9A2B091A91D760006914A7 /* LaunchScreen.xib */ = {
			isa = PBXVariantGroup;
			children = (
				BA9A2B0A1A91D760006914A7 /* Base */,
			);
			name = LaunchScreen.xib;
			sourceTree = "<group>";
		};
/* End PBXVariantGroup section */

/* Begin XCBuildConfiguration section */
		BA9A2B181A91D760006914A7 /* Debug */ = {
			isa = XCBuildConfiguration;
			buildSettings = {
				ALWAYS_SEARCH_USER_PATHS = NO;
				CLANG_CXX_LANGUAGE_STANDARD = "gnu++0x";
				CLANG_CXX_LIBRARY = "libc++";
				CLANG_ENABLE_MODULES = YES;
				CLANG_ENABLE_OBJC_ARC = YES;
				CLANG_WARN_BOOL_CONVERSION = YES;
				CLANG_WARN_CONSTANT_CONVERSION = YES;
				CLANG_WARN_DIRECT_OBJC_ISA_USAGE = YES_ERROR;
				CLANG_WARN_EMPTY_BODY = YES;
				CLANG_WARN_ENUM_CONVERSION = YES;
				CLANG_WARN_INT_CONVERSION = YES;
				CLANG_WARN_OBJC_ROOT_CLASS = YES_ERROR;
				CLANG_WARN_UNREACHABLE_CODE = YES;
				CLANG_WARN__DUPLICATE_METHOD_MATCH = YES;
				"CODE_SIGN_IDENTITY[sdk=iphoneos*]" = "iPhone Developer";
				COPY_PHASE_STRIP = NO;
				ENABLE_STRICT_OBJC_MSGSEND = YES;
				GCC_C_LANGUAGE_STANDARD = gnu99;
				GCC_DYNAMIC_NO_PIC = NO;
				GCC_OPTIMIZATION_LEVEL = 0;
				GCC_PREPROCESSOR_DEFINITIONS = (
					"DEBUG=1",
					"$(inherited)",
				);
				GCC_SYMBOLS_PRIVATE_EXTERN = NO;
				GCC_WARN_64_TO_32_BIT_CONVERSION = YES;
				GCC_WARN_ABOUT_RETURN_TYPE = YES_ERROR;
				GCC_WARN_UNDECLARED_SELECTOR = YES;
				GCC_WARN_UNINITIALIZED_AUTOS = YES_AGGRESSIVE;
				GCC_WARN_UNUSED_FUNCTION = YES;
				GCC_WARN_UNUSED_VARIABLE = YES;
				IPHONEOS_DEPLOYMENT_TARGET = 8.1;
				MTL_ENABLE_DEBUG_INFO = YES;
				ONLY_ACTIVE_ARCH = YES;
				SDKROOT = iphoneos;
				TARGETED_DEVICE_FAMILY = "1,2";
			};
			name = Debug;
		};
		BA9A2B191A91D760006914A7 /* Release */ = {
			isa = XCBuildConfiguration;
			buildSettings = {
				ALWAYS_SEARCH_USER_PATHS = NO;
				CLANG_CXX_LANGUAGE_STANDARD = "gnu++0x";
				CLANG_CXX_LIBRARY = "libc++";
				CLANG_ENABLE_MODULES = YES;
				CLANG_ENABLE_OBJC_ARC = YES;
				CLANG_WARN_BOOL_CONVERSION = YES;
				CLANG_WARN_CONSTANT_CONVERSION = YES;
				CLANG_WARN_DIRECT_OBJC_ISA_USAGE = YES_ERROR;
				CLANG_WARN_EMPTY_BODY = YES;
				CLANG_WARN_ENUM_CONVERSION = YES;
				CLANG_WARN_INT_CONVERSION = YES;
				CLANG_WARN_OBJC_ROOT_CLASS = YES_ERROR;
				CLANG_WARN_UNREACHABLE_CODE = YES;
				CLANG_WARN__DUPLICATE_METHOD_MATCH = YES;
				"CODE_SIGN_IDENTITY[sdk=iphoneos*]" = "iPhone Developer";
				COPY_PHASE_STRIP = YES;
				ENABLE_NS_ASSERTIONS = NO;
				ENABLE_STRICT_OBJC_MSGSEND = YES;
				GCC_C_LANGUAGE_STANDARD = gnu99;
				GCC_WARN_64_TO_32_BIT_CONVERSION = YES;
				GCC_WARN_ABOUT_RETURN_TYPE = YES_ERROR;
				GCC_WARN_UNDECLARED_SELECTOR = YES;
				GCC_WARN_UNINITIALIZED_AUTOS = YES_AGGRESSIVE;
				GCC_WARN_UNUSED_FUNCTION = YES;
				GCC_WARN_UNUSED_VARIABLE = YES;
				IPHONEOS_DEPLOYMENT_TARGET = 8.1;
				MTL_ENABLE_DEBUG_INFO = NO;
				SDKROOT = iphoneos;
				TARGETED_DEVICE_FAMILY = "1,2";
				VALIDATE_PRODUCT = YES;
			};
			name = Release;
		};
		BA9A2B1B1A91D760006914A7 /* Debug */ = {
			isa = XCBuildConfiguration;
			buildSettings = {
				ASSETCATALOG_COMPILER_APPICON_NAME = AppIcon;
				INFOPLIST_FILE = AGUIKitAdditionsExamples/Info.plist;
				LD_RUNPATH_SEARCH_PATHS = "$(inherited) @executable_path/Frameworks";
				PRODUCT_NAME = "$(TARGET_NAME)";
			};
			name = Debug;
		};
		BA9A2B1C1A91D760006914A7 /* Release */ = {
			isa = XCBuildConfiguration;
			buildSettings = {
				ASSETCATALOG_COMPILER_APPICON_NAME = AppIcon;
				INFOPLIST_FILE = AGUIKitAdditionsExamples/Info.plist;
				LD_RUNPATH_SEARCH_PATHS = "$(inherited) @executable_path/Frameworks";
				PRODUCT_NAME = "$(TARGET_NAME)";
			};
			name = Release;
		};
		BA9A2B1E1A91D760006914A7 /* Debug */ = {
			isa = XCBuildConfiguration;
			buildSettings = {
				BUNDLE_LOADER = "$(TEST_HOST)";
				FRAMEWORK_SEARCH_PATHS = (
					"$(SDKROOT)/Developer/Library/Frameworks",
					"$(inherited)",
				);
				GCC_PREPROCESSOR_DEFINITIONS = (
					"DEBUG=1",
					"$(inherited)",
				);
				INFOPLIST_FILE = AGUIKitAdditionsExamplesTests/Info.plist;
				LD_RUNPATH_SEARCH_PATHS = "$(inherited) @executable_path/Frameworks @loader_path/Frameworks";
				PRODUCT_NAME = "$(TARGET_NAME)";
				TEST_HOST = "$(BUILT_PRODUCTS_DIR)/AGUIKitAdditionsExamples.app/AGUIKitAdditionsExamples";
			};
			name = Debug;
		};
		BA9A2B1F1A91D760006914A7 /* Release */ = {
			isa = XCBuildConfiguration;
			buildSettings = {
				BUNDLE_LOADER = "$(TEST_HOST)";
				FRAMEWORK_SEARCH_PATHS = (
					"$(SDKROOT)/Developer/Library/Frameworks",
					"$(inherited)",
				);
				INFOPLIST_FILE = AGUIKitAdditionsExamplesTests/Info.plist;
				LD_RUNPATH_SEARCH_PATHS = "$(inherited) @executable_path/Frameworks @loader_path/Frameworks";
				PRODUCT_NAME = "$(TARGET_NAME)";
				TEST_HOST = "$(BUILT_PRODUCTS_DIR)/AGUIKitAdditionsExamples.app/AGUIKitAdditionsExamples";
			};
			name = Release;
		};
/* End XCBuildConfiguration section */

/* Begin XCConfigurationList section */
		BA9A2AF21A91D75E006914A7 /* Build configuration list for PBXProject "AGUIKitAdditionsExamples" */ = {
			isa = XCConfigurationList;
			buildConfigurations = (
				BA9A2B181A91D760006914A7 /* Debug */,
				BA9A2B191A91D760006914A7 /* Release */,
			);
			defaultConfigurationIsVisible = 0;
			defaultConfigurationName = Release;
		};
		BA9A2B1A1A91D760006914A7 /* Build configuration list for PBXNativeTarget "AGUIKitAdditionsExamples" */ = {
			isa = XCConfigurationList;
			buildConfigurations = (
				BA9A2B1B1A91D760006914A7 /* Debug */,
				BA9A2B1C1A91D760006914A7 /* Release */,
			);
			defaultConfigurationIsVisible = 0;
			defaultConfigurationName = Release;
		};
		BA9A2B1D1A91D760006914A7 /* Build configuration list for PBXNativeTarget "AGUIKitAdditionsExamplesTests" */ = {
			isa = XCConfigurationList;
			buildConfigurations = (
				BA9A2B1E1A91D760006914A7 /* Debug */,
				BA9A2B1F1A91D760006914A7 /* Release */,
			);
			defaultConfigurationIsVisible = 0;
			defaultConfigurationName = Release;
		};
/* End XCConfigurationList section */
	};
	rootObject = BA9A2AEF1A91D75E006914A7 /* Project object */;
}
